{
  "name": "sitee",
  "lockfileVersion": 3,
  "requires": true,
  "packages": {
    "": {
      "dependencies": {
        "@supabase/supabase-js": "^2.49.4",
        "next": "16.2.6",
        "react": "19.2.6",
        "react-dom": "19.2.6"
      },
      "devDependencies": {
        "@types/node": "^22.19.15",
        "@types/react": "^19.2.14",
        "@types/react-dom": "^19.2.3",
        "eslint": "^9.39.4",
        "eslint-config-next": "16.2.6",
        "tailwindcss": "^4.1.17",
        "typescript": "^5.9.3"
      }
    }
  }
}
